// !$*UTF8*$!
{
	archiveVersion = 1;
	classes = {
	};
	objectVersion = 56;
	objects = {

/* Begin PBXBuildFile section */
		17551009293046470087C4DC /* AppDelegate.swift in Sources */ = {isa = PBXBuildFile; fileRef = 17551008293046470087C4DC /* AppDelegate.swift */; };
		1755100B293046470087C4DC /* SceneDelegate.swift in Sources */ = {isa = PBXBuildFile; fileRef = 1755100A293046470087C4DC /* SceneDelegate.swift */; };
		1755100D293046470087C4DC /* ViewController.swift in Sources */ = {isa = PBXBuildFile; fileRef = 1755100C293046470087C4DC /* ViewController.swift */; };
		17551010293046470087C4DC /* Main.storyboard in Resources */ = {isa = PBXBuildFile; fileRef = 1755100E293046470087C4DC /* Main.storyboard */; };
		175510122930464A0087C4DC /* Assets.xcassets in Resources */ = {isa = PBXBuildFile; fileRef = 175510112930464A0087C4DC /* Assets.xcassets */; };
		175510152930464A0087C4DC /* LaunchScreen.storyboard in Resources */ = {isa = PBXBuildFile; fileRef = 175510132930464A0087C4DC /* LaunchScreen.storyboard */; };
		175510202930464B0087C4DC /* Video_PlayerTests.swift in Sources */ = {isa = PBXBuildFile; fileRef = 1755101F2930464B0087C4DC /* Video_PlayerTests.swift */; };
		1755102A2930464B0087C4DC /* Video_PlayerUITests.swift in Sources */ = {isa = PBXBuildFile; fileRef = 175510292930464B0087C4DC /* Video_PlayerUITests.swift */; };
		1755102C2930464B0087C4DC /* Video_PlayerUITestsLaunchTests.swift in Sources */ = {isa = PBXBuildFile; fileRef = 1755102B2930464B0087C4DC /* Video_PlayerUITestsLaunchTests.swift */; };
		178197FA29318D240051E1F2 /* test.mp4 in Resources */ = {isa = PBXBuildFile; fileRef = 178197F929318D230051E1F2 /* test.mp4 */; };
/* End PBXBuildFile section */

/* Begin PBXContainerItemProxy section */
		1755101C2930464B0087C4DC /* PBXContainerItemProxy */ = {
			isa = PBXContainerItemProxy;
			containerPortal = 17550FFD293046460087C4DC /* Project object */;
			proxyType = 1;
			remoteGlobalIDString = 17551004293046460087C4DC;
			remoteInfo = Video_Player;
		};
		175510262930464B0087C4DC /* PBXContainerItemProxy */ = {
			isa = PBXContainerItemProxy;
			containerPortal = 17550FFD293046460087C4DC /* Project object */;
			proxyType = 1;
			remoteGlobalIDString = 17551004293046460087C4DC;
			remoteInfo = Video_Player;
		};
/* End PBXContainerItemProxy section */

/* Begin PBXFileReference section */
		17551005293046470087C4DC /* Video_Player.app */ = {isa = PBXFileReference; explicitFileType = wrapper.application; includeInIndex = 0; path = Video_Player.app; sourceTree = BUILT_PRODUCTS_DIR; };
		17551008293046470087C4DC /* AppDelegate.swift */ = {isa = PBXFileReference; lastKnownFileType = sourcecode.swift; path = AppDelegate.swift; sourceTree = "<group>"; };
		1755100A293046470087C4DC /* SceneDelegate.swift */ = {isa = PBXFileReference; lastKnownFileType = sourcecode.swift; path = SceneDelegate.swift; sourceTree = "<group>"; };
		1755100C293046470087C4DC /* ViewController.swift */ = {isa = PBXFileReference; lastKnownFileType = sourcecode.swift; path = ViewController.swift; sourceTree = "<group>"; };
		1755100F293046470087C4DC /* Base */ = {isa = PBXFileReference; lastKnownFileType = file.storyboard; name = Base; path = Base.lproj/Main.storyboard; sourceTree = "<group>"; };
		175510112930464A0087C4DC /* Assets.xcassets */ = {isa = PBXFileReference; lastKnownFileType = folder.assetcatalog; path = Assets.xcassets; sourceTree = "<group>"; };
		175510142930464A0087C4DC /* Base */ = {isa = PBXFileReference; lastKnownFileType = file.storyboard; name = Base; path = Base.lproj/LaunchScreen.storyboard; sourceTree = "<group>"; };
		175510162930464A0087C4DC /* Info.plist */ = {isa = PBXFileReference; lastKnownFileType = text.plist.xml; path = Info.plist; sourceTree = "<group>"; };
		1755101B2930464B0087C4DC /* Video_PlayerTests.xctest */ = {isa = PBXFileReference; explicitFileType = wrapper.cfbundle; includeInIndex = 0; path = Video_PlayerTests.xctest; sourceTree = BUILT_PRODUCTS_DIR; };
		1755101F2930464B0087C4DC /* Video_PlayerTests.swift */ = {isa = PBXFileReference; lastKnownFileType = sourcecode.swift; path = Video_PlayerTests.swift; sourceTree = "<group>"; };
		175510252930464B0087C4DC /* Video_PlayerUITests.xctest */ = {isa = PBXFileReference; explicitFileType = wrapper.cfbundle; includeInIndex = 0; path = Video_PlayerUITests.xctest; sourceTree = BUILT_PRODUCTS_DIR; };
		175510292930464B0087C4DC /* Video_PlayerUITests.swift */ = {isa = PBXFileReference; lastKnownFileType = sourcecode.swift; path = Video_PlayerUITests.swift; sourceTree = "<group>"; };
		1755102B2930464B0087C4DC /* Video_PlayerUITestsLaunchTests.swift */ = {isa = PBXFileReference; lastKnownFileType = sourcecode.swift; path = Video_PlayerUITestsLaunchTests.swift; sourceTree = "<group>"; };
		178197F929318D230051E1F2 /* test.mp4 */ = {isa = PBXFileReference; lastKnownFileType = file; name = test.mp4; path = ../../../../Downloads/test.mp4; sourceTree = "<group>"; };
/* End PBXFileReference section */

/* Begin PBXFrameworksBuildPhase section */
		17551002293046460087C4DC /* Frameworks */ = {
			isa = PBXFrameworksBuildPhase;
			buildActionMask = 2147483647;
			files = (
			);
			runOnlyForDeploymentPostprocessing = 0;
		};
		175510182930464B0087C4DC /* Frameworks */ = {
			isa = PBXFrameworksBuildPhase;
			buildActionMask = 2147483647;
			files = (
			);
			runOnlyForDeploymentPostprocessing = 0;
		};
		175510222930464B0087C4DC /* Frameworks */ = {
			isa = PBXFrameworksBuildPhase;
			buildActionMask = 2147483647;
			files = (
			);
			runOnlyForDeploymentPostprocessing = 0;
		};
/* End PBXFrameworksBuildPhase section */

/* Begin PBXGroup section */
		17550FFC293046460087C4DC = {
			isa = PBXGroup;
			children = (
				178197F929318D230051E1F2 /* test.mp4 */,
				17551007293046470087C4DC /* Video_Player */,
				1755101E2930464B0087C4DC /* Video_PlayerTests */,
				175510282930464B0087C4DC /* Video_PlayerUITests */,
				17551006293046470087C4DC /* Products */,
			);
			sourceTree = "<group>";
		};
		17551006293046470087C4DC /* Products */ = {
			isa = PBXGroup;
			children = (
				17551005293046470087C4DC /* Video_Player.app */,
				1755101B2930464B0087C4DC /* Video_PlayerTests.xctest */,
				175510252930464B0087C4DC /* Video_PlayerUITests.xctest */,
			);
			name = Products;
			sourceTree = "<group>";
		};
		17551007293046470087C4DC /* Video_Player */ = {
			isa = PBXGroup;
			children = (
				17551008293046470087C4DC /* AppDelegate.swift */,
				1755100A293046470087C4DC /* SceneDelegate.swift */,
				1755100C293046470087C4DC /* ViewController.swift */,
				1755100E293046470087C4DC /* Main.storyboard */,
				175510112930464A0087C4DC /* Assets.xcassets */,
				175510132930464A0087C4DC /* LaunchScreen.storyboard */,
				175510162930464A0087C4DC /* Info.plist */,
			);
			path = Video_Player;
			sourceTree = "<group>";
		};
		1755101E2930464B0087C4DC /* Video_PlayerTests */ = {
			isa = PBXGroup;
			children = (
				1755101F2930464B0087C4DC /* Video_PlayerTests.swift */,
			);
			path = Video_PlayerTests;
			sourceTree = "<group>";
		};
		175510282930464B0087C4DC /* Video_PlayerUITests */ = {
			isa = PBXGroup;
			children = (
				175510292930464B0087C4DC /* Video_PlayerUITests.swift */,
				1755102B2930464B0087C4DC /* Video_PlayerUITestsLaunchTests.swift */,
			);
			path = Video_PlayerUITests;
			sourceTree = "<group>";
		};
/* End PBXGroup section */

/* Begin PBXNativeTarget section */
		17551004293046460087C4DC /* Video_Player */ = {
			isa = PBXNativeTarget;
			buildConfigurationList = 1755102F2930464B0087C4DC /* Build configuration list for PBXNativeTarget "Video_Player" */;
			buildPhases = (
				17551001293046460087C4DC /* Sources */,
				17551002293046460087C4DC /* Frameworks */,
				17551003293046460087C4DC /* Resources */,
			);
			buildRules = (
			);
			dependencies = (
			);
			name = Video_Player;
			productName = Video_Player;
			productReference = 17551005293046470087C4DC /* Video_Player.app */;
			productType = "com.apple.product-type.application";
		};
		1755101A2930464B0087C4DC /* Video_PlayerTests */ = {
			isa = PBXNativeTarget;
			buildConfigurationList = 175510322930464B0087C4DC /* Build configuration list for PBXNativeTarget "Video_PlayerTests" */;
			buildPhases = (
				175510172930464B0087C4DC /* Sources */,
				175510182930464B0087C4DC /* Frameworks */,
				175510192930464B0087C4DC /* Resources */,
			);
			buildRules = (
			);
			dependencies = (
				1755101D2930464B0087C4DC /* PBXTargetDependency */,
			);
			name = Video_PlayerTests;
			productName = Video_PlayerTests;
			productReference = 1755101B2930464B0087C4DC /* Video_PlayerTests.xctest */;
			productType = "com.apple.product-type.bundle.unit-test";
		};
		175510242930464B0087C4DC /* Video_PlayerUITests */ = {
			isa = PBXNativeTarget;
			buildConfigurationList = 175510352930464B0087C4DC /* Build configuration list for PBXNativeTarget "Video_PlayerUITests" */;
			buildPhases = (
				175510212930464B0087C4DC /* Sources */,
				175510222930464B0087C4DC /* Frameworks */,
				175510232930464B0087C4DC /* Resources */,
			);
			buildRules = (
			);
			dependencies = (
				175510272930464B0087C4DC /* PBXTargetDependency */,
			);
			name = Video_PlayerUITests;
			productName = Video_PlayerUITests;
			productReference = 175510252930464B0087C4DC /* Video_PlayerUITests.xctest */;
			productType = "com.apple.product-type.bundle.ui-testing";
		};
/* End PBXNativeTarget section */

/* Begin PBXProject section */
		17550FFD293046460087C4DC /* Project object */ = {
			isa = PBXProject;
			attributes = {
				BuildIndependentTargetsInParallel = 1;
				LastSwiftUpdateCheck = 1400;
				LastUpgradeCheck = 1400;
				TargetAttributes = {
					17551004293046460087C4DC = {
						CreatedOnToolsVersion = 14.0.1;
					};
					1755101A2930464B0087C4DC = {
						CreatedOnToolsVersion = 14.0.1;
						TestTargetID = 17551004293046460087C4DC;
					};
					175510242930464B0087C4DC = {
						CreatedOnToolsVersion = 14.0.1;
						TestTargetID = 17551004293046460087C4DC;
					};
				};
			};
			buildConfigurationList = 17551000293046460087C4DC /* Build configuration list for PBXProject "Video_Player" */;
			compatibilityVersion = "Xcode 14.0";
			developmentRegion = en;
			hasScannedForEncodings = 0;
			knownRegions = (
				en,
				Base,
			);
			mainGroup = 17550FFC293046460087C4DC;
			productRefGroup = 17551006293046470087C4DC /* Products */;
			projectDirPath = "";
			projectRoot = "";
			targets = (
				17551004293046460087C4DC /* Video_Player */,
				1755101A2930464B0087C4DC /* Video_PlayerTests */,
				175510242930464B0087C4DC /* Video_PlayerUITests */,
			);
		};
/* End PBXProject section */

/* Begin PBXResourcesBuildPhase section */
		17551003293046460087C4DC /* Resources */ = {
			isa = PBXResourcesBuildPhase;
			buildActionMask = 2147483647;
			files = (
				175510152930464A0087C4DC /* LaunchScreen.storyboard in Resources */,
				175510122930464A0087C4DC /* Assets.xcassets in Resources */,
				17551010293046470087C4DC /* Main.storyboard in Resources */,
				178197FA29318D240051E1F2 /* test.mp4 in Resources */,
			);
			runOnlyForDeploymentPostprocessing = 0;
		};
		175510192930464B0087C4DC /* Resources */ = {
			isa = PBXResourcesBuildPhase;
			buildActionMask = 2147483647;
			files = (
			);
			runOnlyForDeploymentPostprocessing = 0;
		};
		175510232930464B0087C4DC /* Resources */ = {
			isa = PBXResourcesBuildPhase;
			buildActionMask = 2147483647;
			files = (
			);
			runOnlyForDeploymentPostprocessing = 0;
		};
/* End PBXResourcesBuildPhase section */

/* Begin PBXSourcesBuildPhase section */
		17551001293046460087C4DC /* Sources */ = {
			isa = PBXSourcesBuildPhase;
			buildActionMask = 2147483647;
			files = (
				1755100D293046470087C4DC /* ViewController.swift in Sources */,
				17551009293046470087C4DC /* AppDelegate.swift in Sources */,
				1755100B293046470087C4DC /* SceneDelegate.swift in Sources */,
			);
			runOnlyForDeploymentPostprocessing = 0;
		};
		175510172930464B0087C4DC /* Sources */ = {
			isa = PBXSourcesBuildPhase;
			buildActionMask = 2147483647;
			files = (
				175510202930464B0087C4DC /* Video_PlayerTests.swift in Sources */,
			);
			runOnlyForDeploymentPostprocessing = 0;
		};
		175510212930464B0087C4DC /* Sources */ = {
			isa = PBXSourcesBuildPhase;
			buildActionMask = 2147483647;
			files = (
				1755102A2930464B0087C4DC /* Video_PlayerUITests.swift in Sources */,
				1755102C2930464B0087C4DC /* Video_PlayerUITestsLaunchTests.swift in Sources */,
			);
			runOnlyForDeploymentPostprocessing = 0;
		};
/* End PBXSourcesBuildPhase section */

/* Begin PBXTargetDependency section */
		1755101D2930464B0087C4DC /* PBXTargetDependency */ = {
			isa = PBXTargetDependency;
			target = 17551004293046460087C4DC /* Video_Player */;
			targetProxy = 1755101C2930464B0087C4DC /* PBXContainerItemProxy */;
		};
		175510272930464B0087C4DC /* PBXTargetDependency */ = {
			isa = PBXTargetDependency;
			target = 17551004293046460087C4DC /* Video_Player */;
			targetProxy = 175510262930464B0087C4DC /* PBXContainerItemProxy */;
		};
/* End PBXTargetDependency section */

/* Begin PBXVariantGroup section */
		1755100E293046470087C4DC /* Main.storyboard */ = {
			isa = PBXVariantGroup;
			children = (
				1755100F293046470087C4DC /* Base */,
			);
			name = Main.storyboard;
			sourceTree = "<group>";
		};
		175510132930464A0087C4DC /* LaunchScreen.storyboard */ = {
			isa = PBXVariantGroup;
			children = (
				175510142930464A0087C4DC /* Base */,
			);
			name = LaunchScreen.storyboard;
			sourceTree = "<group>";
		};
/* End PBXVariantGroup section */

/* Begin XCBuildConfiguration section */
		1755102D2930464B0087C4DC /* Debug */ = {
			isa = XCBuildConfiguration;
			buildSettings = {
				ALWAYS_SEARCH_USER_PATHS = NO;
				CLANG_ANALYZER_NONNULL = YES;
				CLANG_ANALYZER_NUMBER_OBJECT_CONVERSION = YES_AGGRESSIVE;
				CLANG_CXX_LANGUAGE_STANDARD = "gnu++20";
				CLANG_ENABLE_MODULES = YES;
				CLANG_ENABLE_OBJC_ARC = YES;
				CLANG_ENABLE_OBJC_WEAK = YES;
				CLANG_WARN_BLOCK_CAPTURE_AUTORELEASING = YES;
				CLANG_WARN_BOOL_CONVERSION = YES;
				CLANG_WARN_COMMA = YES;
				CLANG_WARN_CONSTANT_CONVERSION = YES;
				CLANG_WARN_DEPRECATED_OBJC_IMPLEMENTATIONS = YES;
				CLANG_WARN_DIRECT_OBJC_ISA_USAGE = YES_ERROR;
				CLANG_WARN_DOCUMENTATION_COMMENTS = YES;
				CLANG_WARN_EMPTY_BODY = YES;
				CLANG_WARN_ENUM_CONVERSION = YES;
				CLANG_WARN_INFINITE_RECURSION = YES;
				CLANG_WARN_INT_CONVERSION = YES;
				CLANG_WARN_NON_LITERAL_NULL_CONVERSION = YES;
				CLANG_WARN_OBJC_IMPLICIT_RETAIN_SELF = YES;
				CLANG_WARN_OBJC_LITERAL_CONVERSION = YES;
				CLANG_WARN_OBJC_ROOT_CLASS = YES_ERROR;
				CLANG_WARN_QUOTED_INCLUDE_IN_FRAMEWORK_HEADER = YES;
				CLANG_WARN_RANGE_LOOP_ANALYSIS = YES;
				CLANG_WARN_STRICT_PROTOTYPES = YES;
				CLANG_WARN_SUSPICIOUS_MOVE = YES;
				CLANG_WARN_UNGUARDED_AVAILABILITY = YES_AGGRESSIVE;
				CLANG_WARN_UNREACHABLE_CODE = YES;
				CLANG_WARN__DUPLICATE_METHOD_MATCH = YES;
				COPY_PHASE_STRIP = NO;
				DEBUG_INFORMATION_FORMAT = dwarf;
				ENABLE_STRICT_OBJC_MSGSEND = YES;
				ENABLE_TESTABILITY = YES;
				GCC_C_LANGUAGE_STANDARD = gnu11;
				GCC_DYNAMIC_NO_PIC = NO;
				GCC_NO_COMMON_BLOCKS = YES;
				GCC_OPTIMIZATION_LEVEL = 0;
				GCC_PREPROCESSOR_DEFINITIONS = (
					"DEBUG=1",
					"$(inherited)",
				);
				GCC_WARN_64_TO_32_BIT_CONVERSION = YES;
				GCC_WARN_ABOUT_RETURN_TYPE = YES_ERROR;
				GCC_WARN_UNDECLARED_SELECTOR = YES;
				GCC_WARN_UNINITIALIZED_AUTOS = YES_AGGRESSIVE;
				GCC_WARN_UNUSED_FUNCTION = YES;
				GCC_WARN_UNUSED_VARIABLE = YES;
				IPHONEOS_DEPLOYMENT_TARGET = 16.0;
				MTL_ENABLE_DEBUG_INFO = INCLUDE_SOURCE;
				MTL_FAST_MATH = YES;
				ONLY_ACTIVE_ARCH = YES;
				SDKROOT = iphoneos;
				SWIFT_ACTIVE_COMPILATION_CONDITIONS = DEBUG;
				SWIFT_OPTIMIZATION_LEVEL = "-Onone";
			};
			name = Debug;
		};
		1755102E2930464B0087C4DC /* Release */ = {
			isa = XCBuildConfiguration;
			buildSettings = {
				ALWAYS_SEARCH_USER_PATHS = NO;
				CLANG_ANALYZER_NONNULL = YES;
				CLANG_ANALYZER_NUMBER_OBJECT_CONVERSION = YES_AGGRESSIVE;
				CLANG_CXX_LANGUAGE_STANDARD = "gnu++20";
				CLANG_ENABLE_MODULES = YES;
				CLANG_ENABLE_OBJC_ARC = YES;
				CLANG_ENABLE_OBJC_WEAK = YES;
				CLANG_WARN_BLOCK_CAPTURE_AUTORELEASING = YES;
				CLANG_WARN_BOOL_CONVERSION = YES;
				CLANG_WARN_COMMA = YES;
				CLANG_WARN_CONSTANT_CONVERSION = YES;
				CLANG_WARN_DEPRECATED_OBJC_IMPLEMENTATIONS = YES;
				CLANG_WARN_DIRECT_OBJC_ISA_USAGE = YES_ERROR;
				CLANG_WARN_DOCUMENTATION_COMMENTS = YES;
				CLANG_WARN_EMPTY_BODY = YES;
				CLANG_WARN_ENUM_CONVERSION = YES;
				CLANG_WARN_INFINITE_RECURSION = YES;
				CLANG_WARN_INT_CONVERSION = YES;
				CLANG_WARN_NON_LITERAL_NULL_CONVERSION = YES;
				CLANG_WARN_OBJC_IMPLICIT_RETAIN_SELF = YES;
				CLANG_WARN_OBJC_LITERAL_CONVERSION = YES;
				CLANG_WARN_OBJC_ROOT_CLASS = YES_ERROR;
				CLANG_WARN_QUOTED_INCLUDE_IN_FRAMEWORK_HEADER = YES;
				CLANG_WARN_RANGE_LOOP_ANALYSIS = YES;
				CLANG_WARN_STRICT_PROTOTYPES = YES;
				CLANG_WARN_SUSPICIOUS_MOVE = YES;
				CLANG_WARN_UNGUARDED_AVAILABILITY = YES_AGGRESSIVE;
				CLANG_WARN_UNREACHABLE_CODE = YES;
				CLANG_WARN__DUPLICATE_METHOD_MATCH = YES;
				COPY_PHASE_STRIP = NO;
				DEBUG_INFORMATION_FORMAT = "dwarf-with-dsym";
				ENABLE_NS_ASSERTIONS = NO;
				ENABLE_STRICT_OBJC_MSGSEND = YES;
				GCC_C_LANGUAGE_STANDARD = gnu11;
				GCC_NO_COMMON_BLOCKS = YES;
				GCC_WARN_64_TO_32_BIT_CONVERSION = YES;
				GCC_WARN_ABOUT_RETURN_TYPE = YES_ERROR;
				GCC_WARN_UNDECLARED_SELECTOR = YES;
				GCC_WARN_UNINITIALIZED_AUTOS = YES_AGGRESSIVE;
				GCC_WARN_UNUSED_FUNCTION = YES;
				GCC_WARN_UNUSED_VARIABLE = YES;
				IPHONEOS_DEPLOYMENT_TARGET = 16.0;
				MTL_ENABLE_DEBUG_INFO = NO;
				MTL_FAST_MATH = YES;
				SDKROOT = iphoneos;
				SWIFT_COMPILATION_MODE = wholemodule;
				SWIFT_OPTIMIZATION_LEVEL = "-O";
				VALIDATE_PRODUCT = YES;
			};
			name = Release;
		};
		175510302930464B0087C4DC /* Debug */ = {
			isa = XCBuildConfiguration;
			buildSettings = {
				ASSETCATALOG_COMPILER_APPICON_NAME = AppIcon;
				ASSETCATALOG_COMPILER_GLOBAL_ACCENT_COLOR_NAME = AccentColor;
				CODE_SIGN_STYLE = Automatic;
				CURRENT_PROJECT_VERSION = 1;
				DEVELOPMENT_TEAM = URY6Q9A3CR;
				GENERATE_INFOPLIST_FILE = YES;
				INFOPLIST_FILE = Video_Player/Info.plist;
				INFOPLIST_KEY_UIApplicationSupportsIndirectInputEvents = YES;
				INFOPLIST_KEY_UILaunchStoryboardName = LaunchScreen;
				INFOPLIST_KEY_UIMainStoryboardFile = Main;
				INFOPLIST_KEY_UISupportedInterfaceOrientations_iPad = "UIInterfaceOrientationPortrait UIInterfaceOrientationPortraitUpsideDown UIInterfaceOrientationLandscapeLeft UIInterfaceOrientationLandscapeRight";
				INFOPLIST_KEY_UISupportedInterfaceOrientations_iPhone = "UIInterfaceOrientationPortrait UIInterfaceOrientationLandscapeLeft UIInterfaceOrientationLandscapeRight";
				LD_RUNPATH_SEARCH_PATHS = (
					"$(inherited)",
					"@executable_path/Frameworks",
				);
				MARKETING_VERSION = 1.0;
				PRODUCT_BUNDLE_IDENTIFIER = "jalili-taha";
				PRODUCT_NAME = "$(TARGET_NAME)";
				SWIFT_EMIT_LOC_STRINGS = YES;
				SWIFT_VERSION = 5.0;
				TARGETED_DEVICE_FAMILY = "1,2";
			};
			name = Debug;
		};
		175510312930464B0087C4DC /* Release */ = {
			isa = XCBuildConfiguration;
			buildSettings = {
				ASSETCATALOG_COMPILER_APPICON_NAME = AppIcon;
				ASSETCATALOG_COMPILER_GLOBAL_ACCENT_COLOR_NAME = AccentColor;
				CODE_SIGN_STYLE = Automatic;
				CURRENT_PROJECT_VERSION = 1;
				DEVELOPMENT_TEAM = URY6Q9A3CR;
				GENERATE_INFOPLIST_FILE = YES;
				INFOPLIST_FILE = Video_Player/Info.plist;
				INFOPLIST_KEY_UIApplicationSupportsIndirectInputEvents = YES;
				INFOPLIST_KEY_UILaunchStoryboardName = LaunchScreen;
				INFOPLIST_KEY_UIMainStoryboardFile = Main;
				INFOPLIST_KEY_UISupportedInterfaceOrientations_iPad = "UIInterfaceOrientationPortrait UIInterfaceOrientationPortraitUpsideDown UIInterfaceOrientationLandscapeLeft UIInterfaceOrientationLandscapeRight";
				INFOPLIST_KEY_UISupportedInterfaceOrientations_iPhone = "UIInterfaceOrientationPortrait UIInterfaceOrientationLandscapeLeft UIInterfaceOrientationLandscapeRight";
				LD_RUNPATH_SEARCH_PATHS = (
					"$(inherited)",
					"@executable_path/Frameworks",
				);
				MARKETING_VERSION = 1.0;
				PRODUCT_BUNDLE_IDENTIFIER = "jalili-taha";
				PRODUCT_NAME = "$(TARGET_NAME)";
				SWIFT_EMIT_LOC_STRINGS = YES;
				SWIFT_VERSION = 5.0;
				TARGETED_DEVICE_FAMILY = "1,2";
			};
			name = Release;
		};
		175510332930464B0087C4DC /* Debug */ = {
			isa = XCBuildConfiguration;
			buildSettings = {
				ALWAYS_EMBED_SWIFT_STANDARD_LIBRARIES = YES;
				BUNDLE_LOADER = "$(TEST_HOST)";
				CODE_SIGN_STYLE = Automatic;
				CURRENT_PROJECT_VERSION = 1;
				DEVELOPMENT_TEAM = URY6Q9A3CR;
				GENERATE_INFOPLIST_FILE = YES;
				IPHONEOS_DEPLOYMENT_TARGET = 16.0;
				MARKETING_VERSION = 1.0;
				PRODUCT_BUNDLE_IDENTIFIER = "conan.Video-PlayerTests";
				PRODUCT_NAME = "$(TARGET_NAME)";
				SWIFT_EMIT_LOC_STRINGS = NO;
				SWIFT_VERSION = 5.0;
				TARGETED_DEVICE_FAMILY = "1,2";
				TEST_HOST = "$(BUILT_PRODUCTS_DIR)/Video_Player.app/$(BUNDLE_EXECUTABLE_FOLDER_PATH)/Video_Player";
			};
			name = Debug;
		};
		175510342930464B0087C4DC /* Release */ = {
			isa = XCBuildConfiguration;
			buildSettings = {
				ALWAYS_EMBED_SWIFT_STANDARD_LIBRARIES = YES;
				BUNDLE_LOADER = "$(TEST_HOST)";
				CODE_SIGN_STYLE = Automatic;
				CURRENT_PROJECT_VERSION = 1;
				DEVELOPMENT_TEAM = URY6Q9A3CR;
				GENERATE_INFOPLIST_FILE = YES;
				IPHONEOS_DEPLOYMENT_TARGET = 16.0;
				MARKETING_VERSION = 1.0;
				PRODUCT_BUNDLE_IDENTIFIER = "conan.Video-PlayerTests";
				PRODUCT_NAME = "$(TARGET_NAME)";
				SWIFT_EMIT_LOC_STRINGS = NO;
				SWIFT_VERSION = 5.0;
				TARGETED_DEVICE_FAMILY = "1,2";
				TEST_HOST = "$(BUILT_PRODUCTS_DIR)/Video_Player.app/$(BUNDLE_EXECUTABLE_FOLDER_PATH)/Video_Player";
			};
			name = Release;
		};
		175510362930464B0087C4DC /* Debug */ = {
			isa = XCBuildConfiguration;
			buildSettings = {
				ALWAYS_EMBED_SWIFT_STANDARD_LIBRARIES = YES;
				CODE_SIGN_STYLE = Automatic;
				CURRENT_PROJECT_VERSION = 1;
				DEVELOPMENT_TEAM = URY6Q9A3CR;
				GENERATE_INFOPLIST_FILE = YES;
				MARKETING_VERSION = 1.0;
				PRODUCT_BUNDLE_IDENTIFIER = "conan.Video-PlayerUITests";
				PRODUCT_NAME = "$(TARGET_NAME)";
				SWIFT_EMIT_LOC_STRINGS = NO;
				SWIFT_VERSION = 5.0;
				TARGETED_DEVICE_FAMILY = "1,2";
				TEST_TARGET_NAME = Video_Player;
			};
			name = Debug;
		};
		175510372930464B0087C4DC /* Release */ = {
			isa = XCBuildConfiguration;
			buildSettings = {
				ALWAYS_EMBED_SWIFT_STANDARD_LIBRARIES = YES;
				CODE_SIGN_STYLE = Automatic;
				CURRENT_PROJECT_VERSION = 1;
				DEVELOPMENT_TEAM = URY6Q9A3CR;
				GENERATE_INFOPLIST_FILE = YES;
				MARKETING_VERSION = 1.0;
				PRODUCT_BUNDLE_IDENTIFIER = "conan.Video-PlayerUITests";
				PRODUCT_NAME = "$(TARGET_NAME)";
				SWIFT_EMIT_LOC_STRINGS = NO;
				SWIFT_VERSION = 5.0;
				TARGETED_DEVICE_FAMILY = "1,2";
				TEST_TARGET_NAME = Video_Player;
			};
			name = Release;
		};
/* End XCBuildConfiguration section */

/* Begin XCConfigurationList section */
		17551000293046460087C4DC /* Build configuration list for PBXProject "Video_Player" */ = {
			isa = XCConfigurationList;
			buildConfigurations = (
				1755102D2930464B0087C4DC /* Debug */,
				1755102E2930464B0087C4DC /* Release */,
			);
			defaultConfigurationIsVisible = 0;
			defaultConfigurationName = Release;
		};
		1755102F2930464B0087C4DC /* Build configuration list for PBXNativeTarget "Video_Player" */ = {
			isa = XCConfigurationList;
			buildConfigurations = (
				175510302930464B0087C4DC /* Debug */,
				175510312930464B0087C4DC /* Release */,
			);
			defaultConfigurationIsVisible = 0;
			defaultConfigurationName = Release;
		};
		175510322930464B0087C4DC /* Build configuration list for PBXNativeTarget "Video_PlayerTests" */ = {
			isa = XCConfigurationList;
			buildConfigurations = (
				175510332930464B0087C4DC /* Debug */,
				175510342930464B0087C4DC /* Release */,
			);
			defaultConfigurationIsVisible = 0;
			defaultConfigurationName = Release;
		};
		175510352930464B0087C4DC /* Build configuration list for PBXNativeTarget "Video_PlayerUITests" */ = {
			isa = XCConfigurationList;
			buildConfigurations = (
				175510362930464B0087C4DC /* Debug */,
				175510372930464B0087C4DC /* Release */,
			);
			defaultConfigurationIsVisible = 0;
			defaultConfigurationName = Release;
		};
/* End XCConfigurationList section */
	};
	rootObject = 17550FFD293046460087C4DC /* Project object */;
}
